
Microsoft Visual Studio Solution File, Format Version 12.00
Project("{FAE04EC0-301F-11D3-BF4B-00C04F79EFBC}") = "HostedServicesBug", "HostedServicesBug\HostedServicesBug.csproj", "{11827F59-DE1E-452F-A631-26F828832EF3}"
EndProject
Global
	GlobalSection(SolutionConfigurationPlatforms) = preSolution
		Debug|Any CPU = Debug|Any CPU
		Release|Any CPU = Release|Any CPU
	EndGlobalSection
	GlobalSection(ProjectConfigurationPlatforms) = postSolution
		{11827F59-DE1E-452F-A631-26F828832EF3}.Debug|Any CPU.ActiveCfg = Debug|Any CPU
		{11827F59-DE1E-452F-A631-26F828832EF3}.Debug|Any CPU.Build.0 = Debug|Any CPU
		{11827F59-DE1E-452F-A631-26F828832EF3}.Release|Any CPU.ActiveCfg = Release|Any CPU
		{11827F59-DE1E-452F-A631-26F828832EF3}.Release|Any CPU.Build.0 = Release|Any CPU
	EndGlobalSection
EndGlobal
